
Microsoft Visual Studio Solution File, Format Version 12.00
# Visual Studio Version 16
VisualStudioVersion = 16.0.28922.388
MinimumVisualStudioVersion = 10.0.40219.1
Project("{2150E333-8FDC-42A3-9474-1A3956D46DE8}") = "src", "src", "{01A60E21-75A2-4D92-AA82-8E415BFF1435}"
EndProject
Project("{2150E333-8FDC-42A3-9474-1A3956D46DE8}") = "Gateway API", "Gateway API", "{7CBF42BF-617E-41C5-936F-A249C471D1FE}"
EndProject
Project("{2150E333-8FDC-42A3-9474-1A3956D46DE8}") = "Services", "Services", "{15BFED7E-748B-4DE9-8BC1-CEB143CCCD03}"
EndProject
Project("{2150E333-8FDC-42A3-9474-1A3956D46DE8}") = "Catalog", "Catalog", "{B3D4ADD5-E6C8-4CD7-B6A0-967C1C5B1A81}"
EndProject
Project("{2150E333-8FDC-42A3-9474-1A3956D46DE8}") = "Basket", "Basket", "{B6456797-4CF6-47F4-950D-12A815932E88}"
EndProject
Project("{2150E333-8FDC-42A3-9474-1A3956D46DE8}") = "Authentication", "Authentication", "{E80E8E62-8159-45BA-9A8D-DF379CDCE6F6}"
EndProject
Project("{2150E333-8FDC-42A3-9474-1A3956D46DE8}") = "Ordering", "Ordering", "{C41A2D24-9878-4626-9791-70DD211BE67A}"
EndProject
Project("{FAE04EC0-301F-11D3-BF4B-00C04F79EFBC}") = "Basket API", "Basket API\Basket API.csproj", "{79CA75ED-4FDE-4180-A407-3FB67963B2BC}"
EndProject
Project("{FAE04EC0-301F-11D3-BF4B-00C04F79EFBC}") = "Catalog API", "Catalog API\Catalog API.csproj", "{6686493E-B3CE-46A4-98F8-038A2F7C9D6E}"
EndProject
Project("{FAE04EC0-301F-11D3-BF4B-00C04F79EFBC}") = "Authentication API", "Authentication API\Authentication API.csproj", "{722E76C9-412C-4813-9970-8A0B17D77976}"
EndProject
Project("{FAE04EC0-301F-11D3-BF4B-00C04F79EFBC}") = "Ordering API", "Ordering API\Ordering API.csproj", "{1DA52A14-1B45-4A11-8267-D3B27FA7338A}"
EndProject
Project("{2150E333-8FDC-42A3-9474-1A3956D46DE8}") = "Ocelot", "Ocelot", "{7F56D72E-24B1-41F7-91A6-7023AA15636E}"
EndProject
Project("{FAE04EC0-301F-11D3-BF4B-00C04F79EFBC}") = "Ocelot API Gateway", "Ocelot API Gateway\Ocelot API Gateway.csproj", "{F21307F5-CA26-4C52-9867-A53F66E7C0D3}"
EndProject
Project("{2150E333-8FDC-42A3-9474-1A3956D46DE8}") = "Customers", "Customers", "{FD0246C4-334E-4E38-A05B-1010838E7A80}"
EndProject
Project("{FAE04EC0-301F-11D3-BF4B-00C04F79EFBC}") = "Customers API", "Customers API\Customers API.csproj", "{8F7DABBF-C50C-4089-8626-22F6F5F7C622}"
EndProject
Project("{2150E333-8FDC-42A3-9474-1A3956D46DE8}") = "BasketCard", "BasketCard", "{D66180C5-E9F9-44A7-9467-5582351F4DBC}"
EndProject
Project("{FAE04EC0-301F-11D3-BF4B-00C04F79EFBC}") = "BasketCard API", "BasketCard API\BasketCard API.csproj", "{E0CDCFDA-81EF-408C-ADB1-187D8AACD9CF}"
EndProject
Global
	GlobalSection(SolutionConfigurationPlatforms) = preSolution
		Debug|Any CPU = Debug|Any CPU
		Release|Any CPU = Release|Any CPU
	EndGlobalSection
	GlobalSection(ProjectConfigurationPlatforms) = postSolution
		{79CA75ED-4FDE-4180-A407-3FB67963B2BC}.Debug|Any CPU.ActiveCfg = Debug|Any CPU
		{79CA75ED-4FDE-4180-A407-3FB67963B2BC}.Debug|Any CPU.Build.0 = Debug|Any CPU
		{79CA75ED-4FDE-4180-A407-3FB67963B2BC}.Release|Any CPU.ActiveCfg = Release|Any CPU
		{79CA75ED-4FDE-4180-A407-3FB67963B2BC}.Release|Any CPU.Build.0 = Release|Any CPU
		{6686493E-B3CE-46A4-98F8-038A2F7C9D6E}.Debug|Any CPU.ActiveCfg = Debug|Any CPU
		{6686493E-B3CE-46A4-98F8-038A2F7C9D6E}.Debug|Any CPU.Build.0 = Debug|Any CPU
		{6686493E-B3CE-46A4-98F8-038A2F7C9D6E}.Release|Any CPU.ActiveCfg = Release|Any CPU
		{6686493E-B3CE-46A4-98F8-038A2F7C9D6E}.Release|Any CPU.Build.0 = Release|Any CPU
		{722E76C9-412C-4813-9970-8A0B17D77976}.Debug|Any CPU.ActiveCfg = Debug|Any CPU
		{722E76C9-412C-4813-9970-8A0B17D77976}.Debug|Any CPU.Build.0 = Debug|Any CPU
		{722E76C9-412C-4813-9970-8A0B17D77976}.Release|Any CPU.ActiveCfg = Release|Any CPU
		{722E76C9-412C-4813-9970-8A0B17D77976}.Release|Any CPU.Build.0 = Release|Any CPU
		{1DA52A14-1B45-4A11-8267-D3B27FA7338A}.Debug|Any CPU.ActiveCfg = Debug|Any CPU
		{1DA52A14-1B45-4A11-8267-D3B27FA7338A}.Debug|Any CPU.Build.0 = Debug|Any CPU
		{1DA52A14-1B45-4A11-8267-D3B27FA7338A}.Release|Any CPU.ActiveCfg = Release|Any CPU
		{1DA52A14-1B45-4A11-8267-D3B27FA7338A}.Release|Any CPU.Build.0 = Release|Any CPU
		{F21307F5-CA26-4C52-9867-A53F66E7C0D3}.Debug|Any CPU.ActiveCfg = Debug|Any CPU
		{F21307F5-CA26-4C52-9867-A53F66E7C0D3}.Debug|Any CPU.Build.0 = Debug|Any CPU
		{F21307F5-CA26-4C52-9867-A53F66E7C0D3}.Release|Any CPU.ActiveCfg = Release|Any CPU
		{F21307F5-CA26-4C52-9867-A53F66E7C0D3}.Release|Any CPU.Build.0 = Release|Any CPU
		{8F7DABBF-C50C-4089-8626-22F6F5F7C622}.Debug|Any CPU.ActiveCfg = Debug|Any CPU
		{8F7DABBF-C50C-4089-8626-22F6F5F7C622}.Debug|Any CPU.Build.0 = Debug|Any CPU
		{8F7DABBF-C50C-4089-8626-22F6F5F7C622}.Release|Any CPU.ActiveCfg = Release|Any CPU
		{8F7DABBF-C50C-4089-8626-22F6F5F7C622}.Release|Any CPU.Build.0 = Release|Any CPU
		{E0CDCFDA-81EF-408C-ADB1-187D8AACD9CF}.Debug|Any CPU.ActiveCfg = Debug|Any CPU
		{E0CDCFDA-81EF-408C-ADB1-187D8AACD9CF}.Debug|Any CPU.Build.0 = Debug|Any CPU
		{E0CDCFDA-81EF-408C-ADB1-187D8AACD9CF}.Release|Any CPU.ActiveCfg = Release|Any CPU
		{E0CDCFDA-81EF-408C-ADB1-187D8AACD9CF}.Release|Any CPU.Build.0 = Release|Any CPU
	EndGlobalSection
	GlobalSection(SolutionProperties) = preSolution
		HideSolutionNode = FALSE
	EndGlobalSection
	GlobalSection(NestedProjects) = preSolution
		{7CBF42BF-617E-41C5-936F-A249C471D1FE} = {01A60E21-75A2-4D92-AA82-8E415BFF1435}
		{15BFED7E-748B-4DE9-8BC1-CEB143CCCD03} = {01A60E21-75A2-4D92-AA82-8E415BFF1435}
		{B3D4ADD5-E6C8-4CD7-B6A0-967C1C5B1A81} = {15BFED7E-748B-4DE9-8BC1-CEB143CCCD03}
		{B6456797-4CF6-47F4-950D-12A815932E88} = {15BFED7E-748B-4DE9-8BC1-CEB143CCCD03}
		{E80E8E62-8159-45BA-9A8D-DF379CDCE6F6} = {15BFED7E-748B-4DE9-8BC1-CEB143CCCD03}
		{C41A2D24-9878-4626-9791-70DD211BE67A} = {15BFED7E-748B-4DE9-8BC1-CEB143CCCD03}
		{79CA75ED-4FDE-4180-A407-3FB67963B2BC} = {B6456797-4CF6-47F4-950D-12A815932E88}
		{6686493E-B3CE-46A4-98F8-038A2F7C9D6E} = {B3D4ADD5-E6C8-4CD7-B6A0-967C1C5B1A81}
		{722E76C9-412C-4813-9970-8A0B17D77976} = {E80E8E62-8159-45BA-9A8D-DF379CDCE6F6}
		{1DA52A14-1B45-4A11-8267-D3B27FA7338A} = {C41A2D24-9878-4626-9791-70DD211BE67A}
		{7F56D72E-24B1-41F7-91A6-7023AA15636E} = {7CBF42BF-617E-41C5-936F-A249C471D1FE}
		{F21307F5-CA26-4C52-9867-A53F66E7C0D3} = {7F56D72E-24B1-41F7-91A6-7023AA15636E}
		{FD0246C4-334E-4E38-A05B-1010838E7A80} = {15BFED7E-748B-4DE9-8BC1-CEB143CCCD03}
		{8F7DABBF-C50C-4089-8626-22F6F5F7C622} = {FD0246C4-334E-4E38-A05B-1010838E7A80}
		{D66180C5-E9F9-44A7-9467-5582351F4DBC} = {15BFED7E-748B-4DE9-8BC1-CEB143CCCD03}
		{E0CDCFDA-81EF-408C-ADB1-187D8AACD9CF} = {D66180C5-E9F9-44A7-9467-5582351F4DBC}
	EndGlobalSection
	GlobalSection(ExtensibilityGlobals) = postSolution
		SolutionGuid = {8AF00638-3C7B-447F-A894-74B5D20D1984}
	EndGlobalSection
EndGlobal
